Microsoft Visual Studio Solution File, Format Version 12.00
# Visual Studio Version 17
VisualStudioVersion = 17.5.2.0
MinimumVisualStudioVersion = 10.0.40219.1
Project("{FAE04EC0-301F-11D3-BF4B-00C04F79EFBC}") = "AmadeusApi", "AmadeusApi.csproj", "{7203BB5C-D964-054E-F814-4C487DE21A77}"
EndProject
Global
	GlobalSection(SolutionConfigurationPlatforms) = preSolution
		Debug|Any CPU = Debug|Any CPU
		Release|Any CPU = Release|Any CPU
	EndGlobalSection
	GlobalSection(ProjectConfigurationPlatforms) = postSolution
		{7203BB5C-D964-054E-F814-4C487DE21A77}.Debug|Any CPU.ActiveCfg = Debug|Any CPU
		{7203BB5C-D964-054E-F814-4C487DE21A77}.Debug|Any CPU.Build.0 = Debug|Any CPU
		{7203BB5C-D964-054E-F814-4C487DE21A77}.Release|Any CPU.ActiveCfg = Release|Any CPU
		{7203BB5C-D964-054E-F814-4C487DE21A77}.Release|Any CPU.Build.0 = Release|Any CPU
	EndGlobalSection
	GlobalSection(SolutionProperties) = preSolution
		HideSolutionNode = FALSE
	EndGlobalSection
	GlobalSection(ExtensibilityGlobals) = postSolution
		SolutionGuid = {E1596C1D-7606-4989-8981-9A7397F6E07C}
	EndGlobalSection
EndGlobal
